
Microsoft Visual Studio Solution File, Format Version 12.00
# Visual Studio Version 17
VisualStudioVersion = 17.8.34322.80
MinimumVisualStudioVersion = 10.0.40219.1
Project("{9A19103F-16F7-4668-BE54-9A1E7A4F7556}") = "ConverserLibrary", "ConverserLibrary\ConverserLibrary.csproj", "{8E59EA5E-BA94-4196-88A8-75035D10119F}"
EndProject
Project("{9A19103F-16F7-4668-BE54-9A1E7A4F7556}") = "ConverserWF", "ConverserWF\ConverserWF.csproj", "{C2C0EC69-B68C-4B15-B48E-3B555EF0F6F7}"
EndProject
Global
	GlobalSection(SolutionConfigurationPlatforms) = preSolution
		Debug|Any CPU = Debug|Any CPU
		Release|Any CPU = Release|Any CPU
	EndGlobalSection
	GlobalSection(ProjectConfigurationPlatforms) = postSolution
		{8E59EA5E-BA94-4196-88A8-75035D10119F}.Debug|Any CPU.ActiveCfg = Debug|Any CPU
		{8E59EA5E-BA94-4196-88A8-75035D10119F}.Debug|Any CPU.Build.0 = Debug|Any CPU
		{8E59EA5E-BA94-4196-88A8-75035D10119F}.Release|Any CPU.ActiveCfg = Release|Any CPU
		{8E59EA5E-BA94-4196-88A8-75035D10119F}.Release|Any CPU.Build.0 = Release|Any CPU
		{C2C0EC69-B68C-4B15-B48E-3B555EF0F6F7}.Debug|Any CPU.ActiveCfg = Debug|Any CPU
		{C2C0EC69-B68C-4B15-B48E-3B555EF0F6F7}.Debug|Any CPU.Build.0 = Debug|Any CPU
		{C2C0EC69-B68C-4B15-B48E-3B555EF0F6F7}.Release|Any CPU.ActiveCfg = Release|Any CPU
		{C2C0EC69-B68C-4B15-B48E-3B555EF0F6F7}.Release|Any CPU.Build.0 = Release|Any CPU
	EndGlobalSection
	GlobalSection(SolutionProperties) = preSolution
		HideSolutionNode = FALSE
	EndGlobalSection
	GlobalSection(ExtensibilityGlobals) = postSolution
		SolutionGuid = {4CEC8663-B873-42B3-B4FC-3C133397F7FC}
	EndGlobalSection
EndGlobal
